
Microsoft Visual Studio Solution File, Format Version 12.00
# Visual Studio Version 16
VisualStudioVersion = 16.0.31005.135
MinimumVisualStudioVersion = 10.0.40219.1
Project("{9A19103F-16F7-4668-BE54-9A1E7A4F7556}") = "DomainExample", "DomainExample\DomainExample.csproj", "{577A50C1-961C-4827-A249-3A2D4E28EC6F}"
EndProject
Project("{9A19103F-16F7-4668-BE54-9A1E7A4F7556}") = "Shared", "Shared\Shared.csproj", "{99ECE9A1-FF34-4F2E-8D76-5AA948B7A5A8}"
EndProject
Project("{9A19103F-16F7-4668-BE54-9A1E7A4F7556}") = "OrderService", "OrderService\OrderService.csproj", "{542AF4F9-1298-4E83-95F5-F408DED631B3}"
EndProject
Project("{2150E333-8FDC-42A3-9474-1A3956D46DE8}") = "Solution Items", "Solution Items", "{F2E1385E-36BA-4FE1-8676-B3F4A3AD28C4}"
	ProjectSection(SolutionItems) = preProject
		.editorconfig = .editorconfig
		LICENSE.md = LICENSE.md
		README.md = README.md
	EndProjectSection
EndProject
Project("{9A19103F-16F7-4668-BE54-9A1E7A4F7556}") = "Infrastructure", "Infrastructure\Infrastructure.csproj", "{71A6694F-18D4-405C-987B-1D5EBC1E3BE8}"
EndProject
Global
	GlobalSection(SolutionConfigurationPlatforms) = preSolution
		Debug|Any CPU = Debug|Any CPU
		Release|Any CPU = Release|Any CPU
	EndGlobalSection
	GlobalSection(ProjectConfigurationPlatforms) = postSolution
		{577A50C1-961C-4827-A249-3A2D4E28EC6F}.Debug|Any CPU.ActiveCfg = Debug|Any CPU
		{577A50C1-961C-4827-A249-3A2D4E28EC6F}.Debug|Any CPU.Build.0 = Debug|Any CPU
		{577A50C1-961C-4827-A249-3A2D4E28EC6F}.Release|Any CPU.ActiveCfg = Release|Any CPU
		{577A50C1-961C-4827-A249-3A2D4E28EC6F}.Release|Any CPU.Build.0 = Release|Any CPU
		{99ECE9A1-FF34-4F2E-8D76-5AA948B7A5A8}.Debug|Any CPU.ActiveCfg = Debug|Any CPU
		{99ECE9A1-FF34-4F2E-8D76-5AA948B7A5A8}.Debug|Any CPU.Build.0 = Debug|Any CPU
		{99ECE9A1-FF34-4F2E-8D76-5AA948B7A5A8}.Release|Any CPU.ActiveCfg = Release|Any CPU
		{99ECE9A1-FF34-4F2E-8D76-5AA948B7A5A8}.Release|Any CPU.Build.0 = Release|Any CPU
		{542AF4F9-1298-4E83-95F5-F408DED631B3}.Debug|Any CPU.ActiveCfg = Debug|Any CPU
		{542AF4F9-1298-4E83-95F5-F408DED631B3}.Debug|Any CPU.Build.0 = Debug|Any CPU
		{542AF4F9-1298-4E83-95F5-F408DED631B3}.Release|Any CPU.ActiveCfg = Release|Any CPU
		{542AF4F9-1298-4E83-95F5-F408DED631B3}.Release|Any CPU.Build.0 = Release|Any CPU
		{71A6694F-18D4-405C-987B-1D5EBC1E3BE8}.Debug|Any CPU.ActiveCfg = Debug|Any CPU
		{71A6694F-18D4-405C-987B-1D5EBC1E3BE8}.Debug|Any CPU.Build.0 = Debug|Any CPU
		{71A6694F-18D4-405C-987B-1D5EBC1E3BE8}.Release|Any CPU.ActiveCfg = Release|Any CPU
		{71A6694F-18D4-405C-987B-1D5EBC1E3BE8}.Release|Any CPU.Build.0 = Release|Any CPU
	EndGlobalSection
	GlobalSection(SolutionProperties) = preSolution
		HideSolutionNode = FALSE
	EndGlobalSection
	GlobalSection(ExtensibilityGlobals) = postSolution
		SolutionGuid = {517D5798-B74E-446F-A966-62D1DD51051A}
	EndGlobalSection
EndGlobal
